
Microsoft Visual Studio Solution File, Format Version 12.00
# Visual Studio Version 17
VisualStudioVersion = 17.8.34511.84
MinimumVisualStudioVersion = 10.0.40219.1
Project("{2150E333-8FDC-42A3-9474-1A3956D46DE8}") = "quickstarts", "quickstarts", "{AB0442D1-31AD-4600-97FC-5C63B322DE19}"
EndProject
Project("{FAE04EC0-301F-11D3-BF4B-00C04F79EFBC}") = "KernelMemoryExamples", "quickstarts\KernelMemoryExamples\KernelMemoryExamples.csproj", "{5DB50F43-998D-4B49-BAE5-BC710FED5ED1}"
EndProject
Global
	GlobalSection(SolutionConfigurationPlatforms) = preSolution
		Debug|Any CPU = Debug|Any CPU
		Release|Any CPU = Release|Any CPU
	EndGlobalSection
	GlobalSection(ProjectConfigurationPlatforms) = postSolution
		{5DB50F43-998D-4B49-BAE5-BC710FED5ED1}.Debug|Any CPU.ActiveCfg = Debug|Any CPU
		{5DB50F43-998D-4B49-BAE5-BC710FED5ED1}.Debug|Any CPU.Build.0 = Debug|Any CPU
		{5DB50F43-998D-4B49-BAE5-BC710FED5ED1}.Release|Any CPU.ActiveCfg = Release|Any CPU
		{5DB50F43-998D-4B49-BAE5-BC710FED5ED1}.Release|Any CPU.Build.0 = Release|Any CPU
	EndGlobalSection
	GlobalSection(SolutionProperties) = preSolution
		HideSolutionNode = FALSE
	EndGlobalSection
	GlobalSection(NestedProjects) = preSolution
		{5DB50F43-998D-4B49-BAE5-BC710FED5ED1} = {AB0442D1-31AD-4600-97FC-5C63B322DE19}
	EndGlobalSection
	GlobalSection(ExtensibilityGlobals) = postSolution
		SolutionGuid = {087C8117-3E7C-4363-86F6-EEE8ED32AC03}
	EndGlobalSection
EndGlobal
